
Microsoft Visual Studio Solution File, Format Version 12.00
# Visual Studio Version 17
VisualStudioVersion = 17.8.34330.188
MinimumVisualStudioVersion = 10.0.40219.1
Project("{FAE04EC0-301F-11D3-BF4B-00C04F79EFBC}") = "2FA", "2FA\2FA.csproj", "{EC7F516A-757B-4D59-AC80-76CE9338F260}"
EndProject
Global
	GlobalSection(SolutionConfigurationPlatforms) = preSolution
		Debug|Any CPU = Debug|Any CPU
		Release|Any CPU = Release|Any CPU
	EndGlobalSection
	GlobalSection(ProjectConfigurationPlatforms) = postSolution
		{EC7F516A-757B-4D59-AC80-76CE9338F260}.Debug|Any CPU.ActiveCfg = Debug|Any CPU
		{EC7F516A-757B-4D59-AC80-76CE9338F260}.Debug|Any CPU.Build.0 = Debug|Any CPU
		{EC7F516A-757B-4D59-AC80-76CE9338F260}.Release|Any CPU.ActiveCfg = Release|Any CPU
		{EC7F516A-757B-4D59-AC80-76CE9338F260}.Release|Any CPU.Build.0 = Release|Any CPU
	EndGlobalSection
	GlobalSection(SolutionProperties) = preSolution
		HideSolutionNode = FALSE
	EndGlobalSection
	GlobalSection(ExtensibilityGlobals) = postSolution
		SolutionGuid = {EAF0604A-D2A5-4313-A1B7-8F6F6620B310}
	EndGlobalSection
EndGlobal
